
Microsoft Visual Studio Solution File, Format Version 12.00
# Visual Studio 2017
Project("{FAE04EC0-301F-11D3-BF4B-00C04F79EFBC}") = "Resource-Catalog", "Resource-Catalog.csproj", "{46629481-55CF-3E6F-0BA3-098B903FFB1F}"
EndProject
Project("{FAE04EC0-301F-11D3-BF4B-00C04F79EFBC}") = "Resource-Catalog.Editor", "Resource-Catalog.Editor.csproj", "{4ACA9280-C8D9-588B-3E17-D578A049851C}"
EndProject
Global
	GlobalSection(SolutionConfigurationPlatforms) = preSolution
		Debug|Any CPU = Debug|Any CPU
		Release|Any CPU = Release|Any CPU
	EndGlobalSection
	GlobalSection(ProjectConfigurationPlatforms) = postSolution
		{46629481-55CF-3E6F-0BA3-098B903FFB1F}.Debug|Any CPU.ActiveCfg = Debug|Any CPU
		{46629481-55CF-3E6F-0BA3-098B903FFB1F}.Debug|Any CPU.Build.0 = Debug|Any CPU
		{46629481-55CF-3E6F-0BA3-098B903FFB1F}.Release|Any CPU.ActiveCfg = Release|Any CPU
		{46629481-55CF-3E6F-0BA3-098B903FFB1F}.Release|Any CPU.Build.0 = Release|Any CPU
		{4ACA9280-C8D9-588B-3E17-D578A049851C}.Debug|Any CPU.ActiveCfg = Debug|Any CPU
		{4ACA9280-C8D9-588B-3E17-D578A049851C}.Debug|Any CPU.Build.0 = Debug|Any CPU
		{4ACA9280-C8D9-588B-3E17-D578A049851C}.Release|Any CPU.ActiveCfg = Release|Any CPU
		{4ACA9280-C8D9-588B-3E17-D578A049851C}.Release|Any CPU.Build.0 = Release|Any CPU
	EndGlobalSection
	GlobalSection(SolutionProperties) = preSolution
		HideSolutionNode = FALSE
	EndGlobalSection
EndGlobal
